// !$*UTF8*$!
{
	archiveVersion = 1;
	classes = {
	};
	objectVersion = 54;
	objects = {

/* Begin PBXBuildFile section */
		BB88BE892E2C072D000366AD /* testDreamchaser.cpp in Sources */ = {isa = PBXBuildFile; fileRef = BB88BE712E2C072D000366AD /* testDreamchaser.cpp */; };
		BB88BE8A2E2C072D000366AD /* angle.cpp in Sources */ = {isa = PBXBuildFile; fileRef = BB88BE502E2C072D000366AD /* angle.cpp */; };
		BB88BE8B2E2C072D000366AD /* gps.cpp in Sources */ = {isa = PBXBuildFile; fileRef = BB88BE572E2C072D000366AD /* gps.cpp */; };
		BB88BE8C2E2C072D000366AD /* testDragon.cpp in Sources */ = {isa = PBXBuildFile; fileRef = BB88BE6F2E2C072D000366AD /* testDragon.cpp */; };
		BB88BE8D2E2C072D000366AD /* satellite.cpp in Sources */ = {isa = PBXBuildFile; fileRef = BB88BE622E2C072D000366AD /* satellite.cpp */; };
		BB88BE8E2E2C072D000366AD /* sim.cpp in Sources */ = {isa = PBXBuildFile; fileRef = BB88BE642E2C072D000366AD /* sim.cpp */; };
		BB88BE902E2C072D000366AD /* velocity.cpp in Sources */ = {isa = PBXBuildFile; fileRef = BB88BE882E2C072D000366AD /* velocity.cpp */; };
		BB88BE912E2C072D000366AD /* uiDraw.cpp in Sources */ = {isa = PBXBuildFile; fileRef = BB88BE832E2C072D000366AD /* uiDraw.cpp */; };
		BB88BE922E2C072D000366AD /* hubble.cpp in Sources */ = {isa = PBXBuildFile; fileRef = BB88BE592E2C072D000366AD /* hubble.cpp */; };
		BB88BE932E2C072D000366AD /* sputnik.cpp in Sources */ = {isa = PBXBuildFile; fileRef = BB88BE662E2C072D000366AD /* sputnik.cpp */; };
		BB88BE942E2C072D000366AD /* main.cpp in Sources */ = {isa = PBXBuildFile; fileRef = BB88BE5A2E2C072D000366AD /* main.cpp */; };
		BB88BE952E2C072D000366AD /* testHubble.cpp in Sources */ = {isa = PBXBuildFile; fileRef = BB88BE752E2C072D000366AD /* testHubble.cpp */; };
		BB88BE962E2C072D000366AD /* test.cpp in Sources */ = {isa = PBXBuildFile; fileRef = BB88BE6B2E2C072D000366AD /* test.cpp */; };
		BB88BE972E2C072D000366AD /* testProjectile.cpp in Sources */ = {isa = PBXBuildFile; fileRef = BB88BE782E2C072D000366AD /* testProjectile.cpp */; };
		BB88BE982E2C072D000366AD /* testSputnik.cpp in Sources */ = {isa = PBXBuildFile; fileRef = BB88BE7E2E2C072D000366AD /* testSputnik.cpp */; };
		BB88BE992E2C072D000366AD /* uiInteract.cpp in Sources */ = {isa = PBXBuildFile; fileRef = BB88BE852E2C072D000366AD /* uiInteract.cpp */; };
		BB88BE9A2E2C072D000366AD /* dreamchaser.cpp in Sources */ = {isa = PBXBuildFile; fileRef = BB88BE542E2C072D000366AD /* dreamchaser.cpp */; };
		BB88BE9B2E2C072D000366AD /* acceleration.cpp in Sources */ = {isa = PBXBuildFile; fileRef = BB88BE4E2E2C072D000366AD /* acceleration.cpp */; };
		BB88BE9C2E2C072D000366AD /* projectile.cpp in Sources */ = {isa = PBXBuildFile; fileRef = BB88BE602E2C072D000366AD /* projectile.cpp */; };
		BB88BE9D2E2C072D000366AD /* position.cpp in Sources */ = {isa = PBXBuildFile; fileRef = BB88BE5E2E2C072D000366AD /* position.cpp */; };
		BB88BE9E2E2C072D000366AD /* testSatellite.cpp in Sources */ = {isa = PBXBuildFile; fileRef = BB88BE7A2E2C072D000366AD /* testSatellite.cpp */; };
		BB88BE9F2E2C072D000366AD /* testSim.cpp in Sources */ = {isa = PBXBuildFile; fileRef = BB88BE7C2E2C072D000366AD /* testSim.cpp */; };
		BB88BEA02E2C072D000366AD /* dragon.cpp in Sources */ = {isa = PBXBuildFile; fileRef = BB88BE522E2C072D000366AD /* dragon.cpp */; };
		BB88BEA12E2C072D000366AD /* starlink.cpp in Sources */ = {isa = PBXBuildFile; fileRef = BB88BE692E2C072D000366AD /* starlink.cpp */; };
		BB88BEA22E2C072D000366AD /* testStarlink.cpp in Sources */ = {isa = PBXBuildFile; fileRef = BB88BE802E2C072D000366AD /* testStarlink.cpp */; };
		BB88BEA32E2C072D000366AD /* testGps.cpp in Sources */ = {isa = PBXBuildFile; fileRef = BB88BE732E2C072D000366AD /* testGps.cpp */; };
		BB88BEA52E2C5032000366AD /* testVelocity.cpp in Sources */ = {isa = PBXBuildFile; fileRef = BB88BEA42E2C501F000366AD /* testVelocity.cpp */; };
		BB88BEA72E2C5104000366AD /* testAcceleration.cpp in Sources */ = {isa = PBXBuildFile; fileRef = BB88BEA62E2C50FD000366AD /* testAcceleration.cpp */; };
		BB88BEA92E2C5195000366AD /* testAngle.cpp in Sources */ = {isa = PBXBuildFile; fileRef = BB88BEA82E2C5192000366AD /* testAngle.cpp */; };
		C11C7EA425780B2100EA4B2E /* GLUT.framework in Frameworks */ = {isa = PBXBuildFile; fileRef = C11C7EA225780B2100EA4B2E /* GLUT.framework */; };
		C11C7EA525780B2100EA4B2E /* OpenGL.framework in Frameworks */ = {isa = PBXBuildFile; fileRef = C11C7EA325780B2100EA4B2E /* OpenGL.framework */; };
/* End PBXBuildFile section */

/* Begin PBXCopyFilesBuildPhase section */
		C11C7E942578098A00EA4B2E /* CopyFiles */ = {
			isa = PBXCopyFilesBuildPhase;
			buildActionMask = 2147483647;
			dstPath = /usr/share/man/man1/;
			dstSubfolderSpec = 0;
			files = (
			);
			runOnlyForDeploymentPostprocessing = 1;
		};
/* End PBXCopyFilesBuildPhase section */

/* Begin PBXFileReference section */
		BB88BE4D2E2C072D000366AD /* acceleration.h */ = {isa = PBXFileReference; lastKnownFileType = sourcecode.c.h; path = acceleration.h; sourceTree = "<group>"; };
		BB88BE4E2E2C072D000366AD /* acceleration.cpp */ = {isa = PBXFileReference; lastKnownFileType = sourcecode.cpp.cpp; path = acceleration.cpp; sourceTree = "<group>"; };
		BB88BE4F2E2C072D000366AD /* angle.h */ = {isa = PBXFileReference; lastKnownFileType = sourcecode.c.h; path = angle.h; sourceTree = "<group>"; };
		BB88BE502E2C072D000366AD /* angle.cpp */ = {isa = PBXFileReference; lastKnownFileType = sourcecode.cpp.cpp; path = angle.cpp; sourceTree = "<group>"; };
		BB88BE512E2C072D000366AD /* dragon.h */ = {isa = PBXFileReference; lastKnownFileType = sourcecode.c.h; path = dragon.h; sourceTree = "<group>"; };
		BB88BE522E2C072D000366AD /* dragon.cpp */ = {isa = PBXFileReference; lastKnownFileType = sourcecode.cpp.cpp; path = dragon.cpp; sourceTree = "<group>"; };
		BB88BE532E2C072D000366AD /* dreamchaser.h */ = {isa = PBXFileReference; lastKnownFileType = sourcecode.c.h; path = dreamchaser.h; sourceTree = "<group>"; };
		BB88BE542E2C072D000366AD /* dreamchaser.cpp */ = {isa = PBXFileReference; lastKnownFileType = sourcecode.cpp.cpp; path = dreamchaser.cpp; sourceTree = "<group>"; };
		BB88BE552E2C072D000366AD /* earth.h */ = {isa = PBXFileReference; lastKnownFileType = sourcecode.c.h; path = earth.h; sourceTree = "<group>"; };
		BB88BE562E2C072D000366AD /* gps.h */ = {isa = PBXFileReference; lastKnownFileType = sourcecode.c.h; path = gps.h; sourceTree = "<group>"; };
		BB88BE572E2C072D000366AD /* gps.cpp */ = {isa = PBXFileReference; lastKnownFileType = sourcecode.cpp.cpp; path = gps.cpp; sourceTree = "<group>"; };
		BB88BE582E2C072D000366AD /* hubble.h */ = {isa = PBXFileReference; lastKnownFileType = sourcecode.c.h; path = hubble.h; sourceTree = "<group>"; };
		BB88BE592E2C072D000366AD /* hubble.cpp */ = {isa = PBXFileReference; lastKnownFileType = sourcecode.cpp.cpp; path = hubble.cpp; sourceTree = "<group>"; };
		BB88BE5A2E2C072D000366AD /* main.cpp */ = {isa = PBXFileReference; lastKnownFileType = sourcecode.cpp.cpp; path = main.cpp; sourceTree = "<group>"; };
		BB88BE5D2E2C072D000366AD /* position.h */ = {isa = PBXFileReference; lastKnownFileType = sourcecode.c.h; path = position.h; sourceTree = "<group>"; };
		BB88BE5E2E2C072D000366AD /* position.cpp */ = {isa = PBXFileReference; lastKnownFileType = sourcecode.cpp.cpp; path = position.cpp; sourceTree = "<group>"; };
		BB88BE5F2E2C072D000366AD /* projectile.h */ = {isa = PBXFileReference; lastKnownFileType = sourcecode.c.h; path = projectile.h; sourceTree = "<group>"; };
		BB88BE602E2C072D000366AD /* projectile.cpp */ = {isa = PBXFileReference; lastKnownFileType = sourcecode.cpp.cpp; path = projectile.cpp; sourceTree = "<group>"; };
		BB88BE612E2C072D000366AD /* satellite.h */ = {isa = PBXFileReference; lastKnownFileType = sourcecode.c.h; path = satellite.h; sourceTree = "<group>"; };
		BB88BE622E2C072D000366AD /* satellite.cpp */ = {isa = PBXFileReference; lastKnownFileType = sourcecode.cpp.cpp; path = satellite.cpp; sourceTree = "<group>"; };
		BB88BE632E2C072D000366AD /* sim.h */ = {isa = PBXFileReference; lastKnownFileType = sourcecode.c.h; path = sim.h; sourceTree = "<group>"; };
		BB88BE642E2C072D000366AD /* sim.cpp */ = {isa = PBXFileReference; lastKnownFileType = sourcecode.cpp.cpp; path = sim.cpp; sourceTree = "<group>"; };
		BB88BE652E2C072D000366AD /* sputnik.h */ = {isa = PBXFileReference; lastKnownFileType = sourcecode.c.h; path = sputnik.h; sourceTree = "<group>"; };
		BB88BE662E2C072D000366AD /* sputnik.cpp */ = {isa = PBXFileReference; lastKnownFileType = sourcecode.cpp.cpp; path = sputnik.cpp; sourceTree = "<group>"; };
		BB88BE672E2C072D000366AD /* star.h */ = {isa = PBXFileReference; lastKnownFileType = sourcecode.c.h; path = star.h; sourceTree = "<group>"; };
		BB88BE682E2C072D000366AD /* starlink.h */ = {isa = PBXFileReference; lastKnownFileType = sourcecode.c.h; path = starlink.h; sourceTree = "<group>"; };
		BB88BE692E2C072D000366AD /* starlink.cpp */ = {isa = PBXFileReference; lastKnownFileType = sourcecode.cpp.cpp; path = starlink.cpp; sourceTree = "<group>"; };
		BB88BE6A2E2C072D000366AD /* test.h */ = {isa = PBXFileReference; lastKnownFileType = sourcecode.c.h; path = test.h; sourceTree = "<group>"; };
		BB88BE6B2E2C072D000366AD /* test.cpp */ = {isa = PBXFileReference; lastKnownFileType = sourcecode.cpp.cpp; path = test.cpp; sourceTree = "<group>"; };
		BB88BE6C2E2C072D000366AD /* testAcceleration.h */ = {isa = PBXFileReference; lastKnownFileType = sourcecode.c.h; path = testAcceleration.h; sourceTree = "<group>"; };
		BB88BE6D2E2C072D000366AD /* testAngle.h */ = {isa = PBXFileReference; lastKnownFileType = sourcecode.c.h; path = testAngle.h; sourceTree = "<group>"; };
		BB88BE6E2E2C072D000366AD /* testDragon.h */ = {isa = PBXFileReference; lastKnownFileType = sourcecode.c.h; path = testDragon.h; sourceTree = "<group>"; };
		BB88BE6F2E2C072D000366AD /* testDragon.cpp */ = {isa = PBXFileReference; lastKnownFileType = sourcecode.cpp.cpp; path = testDragon.cpp; sourceTree = "<group>"; };
		BB88BE702E2C072D000366AD /* testDreamchaser.h */ = {isa = PBXFileReference; lastKnownFileType = sourcecode.c.h; path = testDreamchaser.h; sourceTree = "<group>"; };
		BB88BE712E2C072D000366AD /* testDreamchaser.cpp */ = {isa = PBXFileReference; lastKnownFileType = sourcecode.cpp.cpp; path = testDreamchaser.cpp; sourceTree = "<group>"; };
		BB88BE722E2C072D000366AD /* testGps.h */ = {isa = PBXFileReference; lastKnownFileType = sourcecode.c.h; path = testGps.h; sourceTree = "<group>"; };
		BB88BE732E2C072D000366AD /* testGps.cpp */ = {isa = PBXFileReference; lastKnownFileType = sourcecode.cpp.cpp; path = testGps.cpp; sourceTree = "<group>"; };
		BB88BE742E2C072D000366AD /* testHubble.h */ = {isa = PBXFileReference; lastKnownFileType = sourcecode.c.h; path = testHubble.h; sourceTree = "<group>"; };
		BB88BE752E2C072D000366AD /* testHubble.cpp */ = {isa = PBXFileReference; lastKnownFileType = sourcecode.cpp.cpp; path = testHubble.cpp; sourceTree = "<group>"; };
		BB88BE762E2C072D000366AD /* testPosition.h */ = {isa = PBXFileReference; lastKnownFileType = sourcecode.c.h; path = testPosition.h; sourceTree = "<group>"; };
		BB88BE772E2C072D000366AD /* testProjectile.h */ = {isa = PBXFileReference; lastKnownFileType = sourcecode.c.h; path = testProjectile.h; sourceTree = "<group>"; };
		BB88BE782E2C072D000366AD /* testProjectile.cpp */ = {isa = PBXFileReference; lastKnownFileType = sourcecode.cpp.cpp; path = testProjectile.cpp; sourceTree = "<group>"; };
		BB88BE792E2C072D000366AD /* testSatellite.h */ = {isa = PBXFileReference; lastKnownFileType = sourcecode.c.h; path = testSatellite.h; sourceTree = "<group>"; };
		BB88BE7A2E2C072D000366AD /* testSatellite.cpp */ = {isa = PBXFileReference; lastKnownFileType = sourcecode.cpp.cpp; path = testSatellite.cpp; sourceTree = "<group>"; };
		BB88BE7B2E2C072D000366AD /* testSim.h */ = {isa = PBXFileReference; lastKnownFileType = sourcecode.c.h; path = testSim.h; sourceTree = "<group>"; };
		BB88BE7C2E2C072D000366AD /* testSim.cpp */ = {isa = PBXFileReference; lastKnownFileType = sourcecode.cpp.cpp; path = testSim.cpp; sourceTree = "<group>"; };
		BB88BE7D2E2C072D000366AD /* testSputnik.h */ = {isa = PBXFileReference; lastKnownFileType = sourcecode.c.h; path = testSputnik.h; sourceTree = "<group>"; };
		BB88BE7E2E2C072D000366AD /* testSputnik.cpp */ = {isa = PBXFileReference; lastKnownFileType = sourcecode.cpp.cpp; path = testSputnik.cpp; sourceTree = "<group>"; };
		BB88BE7F2E2C072D000366AD /* testStarlink.h */ = {isa = PBXFileReference; lastKnownFileType = sourcecode.c.h; path = testStarlink.h; sourceTree = "<group>"; };
		BB88BE802E2C072D000366AD /* testStarlink.cpp */ = {isa = PBXFileReference; lastKnownFileType = sourcecode.cpp.cpp; path = testStarlink.cpp; sourceTree = "<group>"; };
		BB88BE812E2C072D000366AD /* testVelocity.h */ = {isa = PBXFileReference; lastKnownFileType = sourcecode.c.h; path = testVelocity.h; sourceTree = "<group>"; };
		BB88BE822E2C072D000366AD /* uiDraw.h */ = {isa = PBXFileReference; lastKnownFileType = sourcecode.c.h; path = uiDraw.h; sourceTree = "<group>"; };
		BB88BE832E2C072D000366AD /* uiDraw.cpp */ = {isa = PBXFileReference; lastKnownFileType = sourcecode.cpp.cpp; path = uiDraw.cpp; sourceTree = "<group>"; };
		BB88BE842E2C072D000366AD /* uiInteract.h */ = {isa = PBXFileReference; lastKnownFileType = sourcecode.c.h; path = uiInteract.h; sourceTree = "<group>"; };
		BB88BE852E2C072D000366AD /* uiInteract.cpp */ = {isa = PBXFileReference; lastKnownFileType = sourcecode.cpp.cpp; path = uiInteract.cpp; sourceTree = "<group>"; };
		BB88BE862E2C072D000366AD /* unitTest.h */ = {isa = PBXFileReference; lastKnownFileType = sourcecode.c.h; path = unitTest.h; sourceTree = "<group>"; };
		BB88BE872E2C072D000366AD /* velocity.h */ = {isa = PBXFileReference; lastKnownFileType = sourcecode.c.h; path = velocity.h; sourceTree = "<group>"; };
		BB88BE882E2C072D000366AD /* velocity.cpp */ = {isa = PBXFileReference; lastKnownFileType = sourcecode.cpp.cpp; path = velocity.cpp; sourceTree = "<group>"; };
		BB88BEA42E2C501F000366AD /* testVelocity.cpp */ = {isa = PBXFileReference; lastKnownFileType = sourcecode.cpp.cpp; path = testVelocity.cpp; sourceTree = "<group>"; };
		BB88BEA62E2C50FD000366AD /* testAcceleration.cpp */ = {isa = PBXFileReference; lastKnownFileType = sourcecode.cpp.cpp; path = testAcceleration.cpp; sourceTree = "<group>"; };
		BB88BEA82E2C5192000366AD /* testAngle.cpp */ = {isa = PBXFileReference; lastKnownFileType = sourcecode.cpp.cpp; path = testAngle.cpp; sourceTree = "<group>"; };
		C11C7E962578098A00EA4B2E /* Lab09 */ = {isa = PBXFileReference; explicitFileType = "compiled.mach-o.executable"; includeInIndex = 0; path = Lab09; sourceTree = BUILT_PRODUCTS_DIR; };
		C11C7EA225780B2100EA4B2E /* GLUT.framework */ = {isa = PBXFileReference; lastKnownFileType = wrapper.framework; name = GLUT.framework; path = System/Library/Frameworks/GLUT.framework; sourceTree = SDKROOT; };
		C11C7EA325780B2100EA4B2E /* OpenGL.framework */ = {isa = PBXFileReference; lastKnownFileType = wrapper.framework; name = OpenGL.framework; path = System/Library/Frameworks/OpenGL.framework; sourceTree = SDKROOT; };
/* End PBXFileReference section */

/* Begin PBXFrameworksBuildPhase section */
		C11C7E932578098A00EA4B2E /* Frameworks */ = {
			isa = PBXFrameworksBuildPhase;
			buildActionMask = 2147483647;
			files = (
				C11C7EA425780B2100EA4B2E /* GLUT.framework in Frameworks */,
				C11C7EA525780B2100EA4B2E /* OpenGL.framework in Frameworks */,
			);
			runOnlyForDeploymentPostprocessing = 0;
		};
/* End PBXFrameworksBuildPhase section */

/* Begin PBXGroup section */
		C11C7E8D2578098A00EA4B2E = {
			isa = PBXGroup;
			children = (
				BB88BE4E2E2C072D000366AD /* acceleration.cpp */,
				BB88BE502E2C072D000366AD /* angle.cpp */,
				BB88BE522E2C072D000366AD /* dragon.cpp */,
				BB88BE542E2C072D000366AD /* dreamchaser.cpp */,
				BB88BE572E2C072D000366AD /* gps.cpp */,
				BB88BE592E2C072D000366AD /* hubble.cpp */,
				BB88BE5A2E2C072D000366AD /* main.cpp */,
				BB88BE5E2E2C072D000366AD /* position.cpp */,
				BB88BE602E2C072D000366AD /* projectile.cpp */,
				BB88BE622E2C072D000366AD /* satellite.cpp */,
				BB88BE642E2C072D000366AD /* sim.cpp */,
				BB88BE662E2C072D000366AD /* sputnik.cpp */,
				BB88BE692E2C072D000366AD /* starlink.cpp */,
				BB88BE6B2E2C072D000366AD /* test.cpp */,
				BB88BEA62E2C50FD000366AD /* testAcceleration.cpp */,
				BB88BEA82E2C5192000366AD /* testAngle.cpp */,
				BB88BE6F2E2C072D000366AD /* testDragon.cpp */,
				BB88BE712E2C072D000366AD /* testDreamchaser.cpp */,
				BB88BE732E2C072D000366AD /* testGps.cpp */,
				BB88BE752E2C072D000366AD /* testHubble.cpp */,
				BB88BE782E2C072D000366AD /* testProjectile.cpp */,
				BB88BE7A2E2C072D000366AD /* testSatellite.cpp */,
				BB88BE7C2E2C072D000366AD /* testSim.cpp */,
				BB88BE7E2E2C072D000366AD /* testSputnik.cpp */,
				BB88BE802E2C072D000366AD /* testStarlink.cpp */,
				BB88BEA42E2C501F000366AD /* testVelocity.cpp */,
				BB88BE832E2C072D000366AD /* uiDraw.cpp */,
				BB88BE852E2C072D000366AD /* uiInteract.cpp */,
				BB88BE882E2C072D000366AD /* velocity.cpp */,
				BB88BE4D2E2C072D000366AD /* acceleration.h */,
				BB88BE4F2E2C072D000366AD /* angle.h */,
				BB88BE512E2C072D000366AD /* dragon.h */,
				BB88BE532E2C072D000366AD /* dreamchaser.h */,
				BB88BE552E2C072D000366AD /* earth.h */,
				BB88BE562E2C072D000366AD /* gps.h */,
				BB88BE582E2C072D000366AD /* hubble.h */,
				BB88BE5D2E2C072D000366AD /* position.h */,
				BB88BE5F2E2C072D000366AD /* projectile.h */,
				BB88BE612E2C072D000366AD /* satellite.h */,
				BB88BE632E2C072D000366AD /* sim.h */,
				BB88BE652E2C072D000366AD /* sputnik.h */,
				BB88BE672E2C072D000366AD /* star.h */,
				BB88BE682E2C072D000366AD /* starlink.h */,
				BB88BE6A2E2C072D000366AD /* test.h */,
				BB88BE6C2E2C072D000366AD /* testAcceleration.h */,
				BB88BE6D2E2C072D000366AD /* testAngle.h */,
				BB88BE6E2E2C072D000366AD /* testDragon.h */,
				BB88BE702E2C072D000366AD /* testDreamchaser.h */,
				BB88BE722E2C072D000366AD /* testGps.h */,
				BB88BE742E2C072D000366AD /* testHubble.h */,
				BB88BE762E2C072D000366AD /* testPosition.h */,
				BB88BE772E2C072D000366AD /* testProjectile.h */,
				BB88BE792E2C072D000366AD /* testSatellite.h */,
				BB88BE7B2E2C072D000366AD /* testSim.h */,
				BB88BE7D2E2C072D000366AD /* testSputnik.h */,
				BB88BE7F2E2C072D000366AD /* testStarlink.h */,
				BB88BE812E2C072D000366AD /* testVelocity.h */,
				BB88BE822E2C072D000366AD /* uiDraw.h */,
				BB88BE842E2C072D000366AD /* uiInteract.h */,
				BB88BE862E2C072D000366AD /* unitTest.h */,
				BB88BE872E2C072D000366AD /* velocity.h */,
				C11C7EA125780B2000EA4B2E /* Frameworks */,
				C11C7E972578098A00EA4B2E /* Products */,
			);
			sourceTree = "<group>";
		};
		C11C7E972578098A00EA4B2E /* Products */ = {
			isa = PBXGroup;
			children = (
				C11C7E962578098A00EA4B2E /* Lab09 */,
			);
			name = Products;
			sourceTree = "<group>";
		};
		C11C7EA125780B2000EA4B2E /* Frameworks */ = {
			isa = PBXGroup;
			children = (
				C11C7EA225780B2100EA4B2E /* GLUT.framework */,
				C11C7EA325780B2100EA4B2E /* OpenGL.framework */,
			);
			name = Frameworks;
			sourceTree = "<group>";
		};
/* End PBXGroup section */

/* Begin PBXNativeTarget section */
		C11C7E952578098A00EA4B2E /* Lab09 */ = {
			isa = PBXNativeTarget;
			buildConfigurationList = C11C7E9D2578098A00EA4B2E /* Build configuration list for PBXNativeTarget "Lab09" */;
			buildPhases = (
				C11C7E922578098A00EA4B2E /* Sources */,
				C11C7E932578098A00EA4B2E /* Frameworks */,
				C11C7E942578098A00EA4B2E /* CopyFiles */,
			);
			buildRules = (
			);
			dependencies = (
			);
			name = Lab09;
			productName = Lab07;
			productReference = C11C7E962578098A00EA4B2E /* Lab09 */;
			productType = "com.apple.product-type.tool";
		};
/* End PBXNativeTarget section */

/* Begin PBXProject section */
		C11C7E8E2578098A00EA4B2E /* Project object */ = {
			isa = PBXProject;
			attributes = {
				BuildIndependentTargetsInParallel = YES;
				LastUpgradeCheck = 2600;
				TargetAttributes = {
					C11C7E952578098A00EA4B2E = {
						CreatedOnToolsVersion = 12.2;
					};
				};
			};
			buildConfigurationList = C11C7E912578098A00EA4B2E /* Build configuration list for PBXProject "Orbital Simulator" */;
			compatibilityVersion = "Xcode 9.3";
			developmentRegion = en;
			hasScannedForEncodings = 0;
			knownRegions = (
				en,
				Base,
			);
			mainGroup = C11C7E8D2578098A00EA4B2E;
			productRefGroup = C11C7E972578098A00EA4B2E /* Products */;
			projectDirPath = "";
			projectRoot = "";
			targets = (
				C11C7E952578098A00EA4B2E /* Lab09 */,
			);
		};
/* End PBXProject section */

/* Begin PBXSourcesBuildPhase section */
		C11C7E922578098A00EA4B2E /* Sources */ = {
			isa = PBXSourcesBuildPhase;
			buildActionMask = 2147483647;
			files = (
				BB88BE892E2C072D000366AD /* testDreamchaser.cpp in Sources */,
				BB88BEA52E2C5032000366AD /* testVelocity.cpp in Sources */,
				BB88BE8A2E2C072D000366AD /* angle.cpp in Sources */,
				BB88BE8B2E2C072D000366AD /* gps.cpp in Sources */,
				BB88BE8C2E2C072D000366AD /* testDragon.cpp in Sources */,
				BB88BE8D2E2C072D000366AD /* satellite.cpp in Sources */,
				BB88BE8E2E2C072D000366AD /* sim.cpp in Sources */,
				BB88BEA72E2C5104000366AD /* testAcceleration.cpp in Sources */,
				BB88BE902E2C072D000366AD /* velocity.cpp in Sources */,
				BB88BE912E2C072D000366AD /* uiDraw.cpp in Sources */,
				BB88BE922E2C072D000366AD /* hubble.cpp in Sources */,
				BB88BEA92E2C5195000366AD /* testAngle.cpp in Sources */,
				BB88BE932E2C072D000366AD /* sputnik.cpp in Sources */,
				BB88BE942E2C072D000366AD /* main.cpp in Sources */,
				BB88BE952E2C072D000366AD /* testHubble.cpp in Sources */,
				BB88BE962E2C072D000366AD /* test.cpp in Sources */,
				BB88BE972E2C072D000366AD /* testProjectile.cpp in Sources */,
				BB88BE982E2C072D000366AD /* testSputnik.cpp in Sources */,
				BB88BE992E2C072D000366AD /* uiInteract.cpp in Sources */,
				BB88BE9A2E2C072D000366AD /* dreamchaser.cpp in Sources */,
				BB88BE9B2E2C072D000366AD /* acceleration.cpp in Sources */,
				BB88BE9C2E2C072D000366AD /* projectile.cpp in Sources */,
				BB88BE9D2E2C072D000366AD /* position.cpp in Sources */,
				BB88BE9E2E2C072D000366AD /* testSatellite.cpp in Sources */,
				BB88BE9F2E2C072D000366AD /* testSim.cpp in Sources */,
				BB88BEA02E2C072D000366AD /* dragon.cpp in Sources */,
				BB88BEA12E2C072D000366AD /* starlink.cpp in Sources */,
				BB88BEA22E2C072D000366AD /* testStarlink.cpp in Sources */,
				BB88BEA32E2C072D000366AD /* testGps.cpp in Sources */,
			);
			runOnlyForDeploymentPostprocessing = 0;
		};
/* End PBXSourcesBuildPhase section */

/* Begin XCBuildConfiguration section */
		C11C7E9B2578098A00EA4B2E /* Debug */ = {
			isa = XCBuildConfiguration;
			buildSettings = {
				ALWAYS_SEARCH_USER_PATHS = NO;
				ASSETCATALOG_COMPILER_GENERATE_SWIFT_ASSET_SYMBOL_EXTENSIONS = YES;
				CLANG_ANALYZER_NONNULL = YES;
				CLANG_ANALYZER_NUMBER_OBJECT_CONVERSION = YES_AGGRESSIVE;
				CLANG_CXX_LANGUAGE_STANDARD = "gnu++14";
				CLANG_CXX_LIBRARY = "libc++";
				CLANG_ENABLE_MODULES = YES;
				CLANG_ENABLE_OBJC_ARC = YES;
				CLANG_ENABLE_OBJC_WEAK = YES;
				CLANG_WARN_BLOCK_CAPTURE_AUTORELEASING = YES;
				CLANG_WARN_BOOL_CONVERSION = YES;
				CLANG_WARN_COMMA = YES;
				CLANG_WARN_CONSTANT_CONVERSION = YES;
				CLANG_WARN_DEPRECATED_OBJC_IMPLEMENTATIONS = YES;
				CLANG_WARN_DIRECT_OBJC_ISA_USAGE = YES_ERROR;
				CLANG_WARN_DOCUMENTATION_COMMENTS = YES;
				CLANG_WARN_EMPTY_BODY = YES;
				CLANG_WARN_ENUM_CONVERSION = YES;
				CLANG_WARN_INFINITE_RECURSION = YES;
				CLANG_WARN_INT_CONVERSION = YES;
				CLANG_WARN_NON_LITERAL_NULL_CONVERSION = YES;
				CLANG_WARN_OBJC_IMPLICIT_RETAIN_SELF = YES;
				CLANG_WARN_OBJC_LITERAL_CONVERSION = YES;
				CLANG_WARN_OBJC_ROOT_CLASS = YES_ERROR;
				CLANG_WARN_QUOTED_INCLUDE_IN_FRAMEWORK_HEADER = YES;
				CLANG_WARN_RANGE_LOOP_ANALYSIS = YES;
				CLANG_WARN_STRICT_PROTOTYPES = YES;
				CLANG_WARN_SUSPICIOUS_MOVE = YES;
				CLANG_WARN_UNGUARDED_AVAILABILITY = YES_AGGRESSIVE;
				CLANG_WARN_UNREACHABLE_CODE = YES;
				CLANG_WARN__DUPLICATE_METHOD_MATCH = YES;
				COPY_PHASE_STRIP = NO;
				DEAD_CODE_STRIPPING = YES;
				DEBUG_INFORMATION_FORMAT = dwarf;
				DEVELOPMENT_TEAM = 8FG49S34F2;
				ENABLE_STRICT_OBJC_MSGSEND = YES;
				ENABLE_TESTABILITY = YES;
				ENABLE_USER_SCRIPT_SANDBOXING = YES;
				GCC_C_LANGUAGE_STANDARD = gnu11;
				GCC_DYNAMIC_NO_PIC = NO;
				GCC_NO_COMMON_BLOCKS = YES;
				GCC_OPTIMIZATION_LEVEL = 0;
				GCC_PREPROCESSOR_DEFINITIONS = (
					"DEBUG=1",
					"$(inherited)",
				);
				GCC_WARN_64_TO_32_BIT_CONVERSION = YES;
				GCC_WARN_ABOUT_RETURN_TYPE = YES_ERROR;
				GCC_WARN_UNDECLARED_SELECTOR = YES;
				GCC_WARN_UNINITIALIZED_AUTOS = YES_AGGRESSIVE;
				GCC_WARN_UNUSED_FUNCTION = YES;
				GCC_WARN_UNUSED_VARIABLE = YES;
				MACOSX_DEPLOYMENT_TARGET = 11.0;
				MTL_ENABLE_DEBUG_INFO = INCLUDE_SOURCE;
				MTL_FAST_MATH = YES;
				ONLY_ACTIVE_ARCH = YES;
				SDKROOT = macosx;
				STRING_CATALOG_GENERATE_SYMBOLS = YES;
			};
			name = Debug;
		};
		C11C7E9C2578098A00EA4B2E /* Release */ = {
			isa = XCBuildConfiguration;
			buildSettings = {
				ALWAYS_SEARCH_USER_PATHS = NO;
				ASSETCATALOG_COMPILER_GENERATE_SWIFT_ASSET_SYMBOL_EXTENSIONS = YES;
				CLANG_ANALYZER_NONNULL = YES;
				CLANG_ANALYZER_NUMBER_OBJECT_CONVERSION = YES_AGGRESSIVE;
				CLANG_CXX_LANGUAGE_STANDARD = "gnu++14";
				CLANG_CXX_LIBRARY = "libc++";
				CLANG_ENABLE_MODULES = YES;
				CLANG_ENABLE_OBJC_ARC = YES;
				CLANG_ENABLE_OBJC_WEAK = YES;
				CLANG_WARN_BLOCK_CAPTURE_AUTORELEASING = YES;
				CLANG_WARN_BOOL_CONVERSION = YES;
				CLANG_WARN_COMMA = YES;
				CLANG_WARN_CONSTANT_CONVERSION = YES;
				CLANG_WARN_DEPRECATED_OBJC_IMPLEMENTATIONS = YES;
				CLANG_WARN_DIRECT_OBJC_ISA_USAGE = YES_ERROR;
				CLANG_WARN_DOCUMENTATION_COMMENTS = YES;
				CLANG_WARN_EMPTY_BODY = YES;
				CLANG_WARN_ENUM_CONVERSION = YES;
				CLANG_WARN_INFINITE_RECURSION = YES;
				CLANG_WARN_INT_CONVERSION = YES;
				CLANG_WARN_NON_LITERAL_NULL_CONVERSION = YES;
				CLANG_WARN_OBJC_IMPLICIT_RETAIN_SELF = YES;
				CLANG_WARN_OBJC_LITERAL_CONVERSION = YES;
				CLANG_WARN_OBJC_ROOT_CLASS = YES_ERROR;
				CLANG_WARN_QUOTED_INCLUDE_IN_FRAMEWORK_HEADER = YES;
				CLANG_WARN_RANGE_LOOP_ANALYSIS = YES;
				CLANG_WARN_STRICT_PROTOTYPES = YES;
				CLANG_WARN_SUSPICIOUS_MOVE = YES;
				CLANG_WARN_UNGUARDED_AVAILABILITY = YES_AGGRESSIVE;
				CLANG_WARN_UNREACHABLE_CODE = YES;
				CLANG_WARN__DUPLICATE_METHOD_MATCH = YES;
				COPY_PHASE_STRIP = NO;
				DEAD_CODE_STRIPPING = YES;
				DEBUG_INFORMATION_FORMAT = "dwarf-with-dsym";
				DEVELOPMENT_TEAM = 8FG49S34F2;
				ENABLE_NS_ASSERTIONS = NO;
				ENABLE_STRICT_OBJC_MSGSEND = YES;
				ENABLE_USER_SCRIPT_SANDBOXING = YES;
				GCC_C_LANGUAGE_STANDARD = gnu11;
				GCC_NO_COMMON_BLOCKS = YES;
				GCC_WARN_64_TO_32_BIT_CONVERSION = YES;
				GCC_WARN_ABOUT_RETURN_TYPE = YES_ERROR;
				GCC_WARN_UNDECLARED_SELECTOR = YES;
				GCC_WARN_UNINITIALIZED_AUTOS = YES_AGGRESSIVE;
				GCC_WARN_UNUSED_FUNCTION = YES;
				GCC_WARN_UNUSED_VARIABLE = YES;
				MACOSX_DEPLOYMENT_TARGET = 11.0;
				MTL_ENABLE_DEBUG_INFO = NO;
				MTL_FAST_MATH = YES;
				SDKROOT = macosx;
				STRING_CATALOG_GENERATE_SYMBOLS = YES;
			};
			name = Release;
		};
		C11C7E9E2578098A00EA4B2E /* Debug */ = {
			isa = XCBuildConfiguration;
			buildSettings = {
				CODE_SIGN_STYLE = Automatic;
				DEAD_CODE_STRIPPING = YES;
				MACOSX_DEPLOYMENT_TARGET = 12.4;
				PRODUCT_BUNDLE_IDENTIFIER = com.jessenforbush.orbitalsimulator;
				PRODUCT_NAME = "$(TARGET_NAME)";
			};
			name = Debug;
		};
		C11C7E9F2578098A00EA4B2E /* Release */ = {
			isa = XCBuildConfiguration;
			buildSettings = {
				CODE_SIGN_STYLE = Automatic;
				DEAD_CODE_STRIPPING = YES;
				MACOSX_DEPLOYMENT_TARGET = 12.4;
				PRODUCT_BUNDLE_IDENTIFIER = com.jessenforbush.orbitalsimulator;
				PRODUCT_NAME = "$(TARGET_NAME)";
			};
			name = Release;
		};
/* End XCBuildConfiguration section */

/* Begin XCConfigurationList section */
		C11C7E912578098A00EA4B2E /* Build configuration list for PBXProject "Orbital Simulator" */ = {
			isa = XCConfigurationList;
			buildConfigurations = (
				C11C7E9B2578098A00EA4B2E /* Debug */,
				C11C7E9C2578098A00EA4B2E /* Release */,
			);
			defaultConfigurationIsVisible = 0;
			defaultConfigurationName = Release;
		};
		C11C7E9D2578098A00EA4B2E /* Build configuration list for PBXNativeTarget "Lab09" */ = {
			isa = XCConfigurationList;
			buildConfigurations = (
				C11C7E9E2578098A00EA4B2E /* Debug */,
				C11C7E9F2578098A00EA4B2E /* Release */,
			);
			defaultConfigurationIsVisible = 0;
			defaultConfigurationName = Release;
		};
/* End XCConfigurationList section */
	};
	rootObject = C11C7E8E2578098A00EA4B2E /* Project object */;
}
